
Microsoft Visual Studio Solution File, Format Version 12.00
# Visual Studio Version 16
VisualStudioVersion = 16.0.28803.352
MinimumVisualStudioVersion = 10.0.40219.1
Project("{9A19103F-16F7-4668-BE54-9A1E7A4F7556}") = "UtilityDAL", "UtilityDAL\UtilityDAL.csproj", "{E4D7B86A-3B26-4FBE-BA37-BF1D935F6EE9}"
EndProject
Project("{9A19103F-16F7-4668-BE54-9A1E7A4F7556}") = "UtilityDAL.Model", "UtilityDAL.Model\UtilityDAL.Model.csproj", "{CEF231D6-FF3D-41CD-A207-146FD68B50CD}"
EndProject
Project("{9A19103F-16F7-4668-BE54-9A1E7A4F7556}") = "UtilityDAL.Sqlite", "UtilityDAL.Sqlite\UtilityDAL.Sqlite.csproj", "{E85BC833-4906-4497-9D02-80498C63A137}"
EndProject
Project("{9A19103F-16F7-4668-BE54-9A1E7A4F7556}") = "UtilityDAL.Teatime", "UtilityDAL.TeaTime\UtilityDAL.Teatime.csproj", "{88B7BBFF-F3D3-4C98-AAE2-7F1C7C6AD0A9}"
EndProject
Project("{9A19103F-16F7-4668-BE54-9A1E7A4F7556}") = "UtilityDAL.Test", "UtilityDAL.Test\UtilityDAL.Test.csproj", "{60AD7422-A33C-48D9-AED5-5C98C18A92D1}"
EndProject
Project("{9A19103F-16F7-4668-BE54-9A1E7A4F7556}") = "UtilityDAL.CSV", "UtilityDAL.Csv\UtilityDAL.CSV.csproj", "{EEB54A0E-BB43-4655-A07C-1DDF2264D5A9}"
EndProject
Project("{9A19103F-16F7-4668-BE54-9A1E7A4F7556}") = "UtilityDAL.ViewCore", "UtilityDAL.ViewCore\UtilityDAL.ViewCore.csproj", "{F6D8F136-1913-4CE0-AF8D-8634CDC3048B}"
EndProject
Project("{2150E333-8FDC-42A3-9474-1A3956D46DE8}") = "App", "App", "{AFEBAF7B-1B4F-4F9C-9DC8-88149BF1B9AA}"
EndProject
Project("{9A19103F-16F7-4668-BE54-9A1E7A4F7556}") = "UtilityDAL.DemoAppCore", "UtilityDAL.DemoAppCore\UtilityDAL.DemoAppCore.csproj", "{688BCC61-39AC-4DA5-A7A2-49B040184798}"
EndProject
Project("{FAE04EC0-301F-11D3-BF4B-00C04F79EFBC}") = "UtilityDAL.Abstract", "UtilityDAL.Abstract\UtilityDAL.Abstract.csproj", "{9A832DF7-7575-4A66-AEAE-BC823EA11228}"
EndProject
Global
	GlobalSection(SolutionConfigurationPlatforms) = preSolution
		Debug|Any CPU = Debug|Any CPU
		Release|Any CPU = Release|Any CPU
	EndGlobalSection
	GlobalSection(ProjectConfigurationPlatforms) = postSolution
		{E4D7B86A-3B26-4FBE-BA37-BF1D935F6EE9}.Debug|Any CPU.ActiveCfg = Debug|Any CPU
		{E4D7B86A-3B26-4FBE-BA37-BF1D935F6EE9}.Debug|Any CPU.Build.0 = Debug|Any CPU
		{E4D7B86A-3B26-4FBE-BA37-BF1D935F6EE9}.Release|Any CPU.ActiveCfg = Release|Any CPU
		{E4D7B86A-3B26-4FBE-BA37-BF1D935F6EE9}.Release|Any CPU.Build.0 = Release|Any CPU
		{CEF231D6-FF3D-41CD-A207-146FD68B50CD}.Debug|Any CPU.ActiveCfg = Debug|Any CPU
		{CEF231D6-FF3D-41CD-A207-146FD68B50CD}.Debug|Any CPU.Build.0 = Debug|Any CPU
		{CEF231D6-FF3D-41CD-A207-146FD68B50CD}.Release|Any CPU.ActiveCfg = Release|Any CPU
		{CEF231D6-FF3D-41CD-A207-146FD68B50CD}.Release|Any CPU.Build.0 = Release|Any CPU
		{E85BC833-4906-4497-9D02-80498C63A137}.Debug|Any CPU.ActiveCfg = Debug|Any CPU
		{E85BC833-4906-4497-9D02-80498C63A137}.Debug|Any CPU.Build.0 = Debug|Any CPU
		{E85BC833-4906-4497-9D02-80498C63A137}.Release|Any CPU.ActiveCfg = Release|Any CPU
		{E85BC833-4906-4497-9D02-80498C63A137}.Release|Any CPU.Build.0 = Release|Any CPU
		{88B7BBFF-F3D3-4C98-AAE2-7F1C7C6AD0A9}.Debug|Any CPU.ActiveCfg = Debug|Any CPU
		{88B7BBFF-F3D3-4C98-AAE2-7F1C7C6AD0A9}.Debug|Any CPU.Build.0 = Debug|Any CPU
		{88B7BBFF-F3D3-4C98-AAE2-7F1C7C6AD0A9}.Release|Any CPU.ActiveCfg = Release|Any CPU
		{88B7BBFF-F3D3-4C98-AAE2-7F1C7C6AD0A9}.Release|Any CPU.Build.0 = Release|Any CPU
		{60AD7422-A33C-48D9-AED5-5C98C18A92D1}.Debug|Any CPU.ActiveCfg = Debug|Any CPU
		{60AD7422-A33C-48D9-AED5-5C98C18A92D1}.Debug|Any CPU.Build.0 = Debug|Any CPU
		{60AD7422-A33C-48D9-AED5-5C98C18A92D1}.Release|Any CPU.ActiveCfg = Release|Any CPU
		{60AD7422-A33C-48D9-AED5-5C98C18A92D1}.Release|Any CPU.Build.0 = Release|Any CPU
		{EEB54A0E-BB43-4655-A07C-1DDF2264D5A9}.Debug|Any CPU.ActiveCfg = Debug|Any CPU
		{EEB54A0E-BB43-4655-A07C-1DDF2264D5A9}.Debug|Any CPU.Build.0 = Debug|Any CPU
		{EEB54A0E-BB43-4655-A07C-1DDF2264D5A9}.Release|Any CPU.ActiveCfg = Release|Any CPU
		{EEB54A0E-BB43-4655-A07C-1DDF2264D5A9}.Release|Any CPU.Build.0 = Release|Any CPU
		{F6D8F136-1913-4CE0-AF8D-8634CDC3048B}.Debug|Any CPU.ActiveCfg = Debug|Any CPU
		{F6D8F136-1913-4CE0-AF8D-8634CDC3048B}.Debug|Any CPU.Build.0 = Debug|Any CPU
		{F6D8F136-1913-4CE0-AF8D-8634CDC3048B}.Release|Any CPU.ActiveCfg = Release|Any CPU
		{F6D8F136-1913-4CE0-AF8D-8634CDC3048B}.Release|Any CPU.Build.0 = Release|Any CPU
		{688BCC61-39AC-4DA5-A7A2-49B040184798}.Debug|Any CPU.ActiveCfg = Debug|Any CPU
		{688BCC61-39AC-4DA5-A7A2-49B040184798}.Debug|Any CPU.Build.0 = Debug|Any CPU
		{688BCC61-39AC-4DA5-A7A2-49B040184798}.Release|Any CPU.ActiveCfg = Release|Any CPU
		{688BCC61-39AC-4DA5-A7A2-49B040184798}.Release|Any CPU.Build.0 = Release|Any CPU
		{9A832DF7-7575-4A66-AEAE-BC823EA11228}.Debug|Any CPU.ActiveCfg = Debug|Any CPU
		{9A832DF7-7575-4A66-AEAE-BC823EA11228}.Debug|Any CPU.Build.0 = Debug|Any CPU
		{9A832DF7-7575-4A66-AEAE-BC823EA11228}.Release|Any CPU.ActiveCfg = Release|Any CPU
		{9A832DF7-7575-4A66-AEAE-BC823EA11228}.Release|Any CPU.Build.0 = Release|Any CPU
	EndGlobalSection
	GlobalSection(SolutionProperties) = preSolution
		HideSolutionNode = FALSE
	EndGlobalSection
	GlobalSection(NestedProjects) = preSolution
		{688BCC61-39AC-4DA5-A7A2-49B040184798} = {AFEBAF7B-1B4F-4F9C-9DC8-88149BF1B9AA}
	EndGlobalSection
	GlobalSection(ExtensibilityGlobals) = postSolution
		SolutionGuid = {C6487952-3B54-44E8-9311-3CCD917F5DC5}
	EndGlobalSection
EndGlobal
