
Microsoft Visual Studio Solution File, Format Version 12.00
# Visual Studio Version 16
VisualStudioVersion = 16.0.28803.352
MinimumVisualStudioVersion = 10.0.40219.1
Project("{9A19103F-16F7-4668-BE54-9A1E7A4F7556}") = "UtilityDAL", "UtilityDAL\UtilityDAL.csproj", "{E4D7B86A-3B26-4FBE-BA37-BF1D935F6EE9}"
EndProject
Project("{FAE04EC0-301F-11D3-BF4B-00C04F79EFBC}") = "UtilityDAL.View", "DALViewer\UtilityDAL.View.csproj", "{AD51A125-E97B-4AE8-AEE7-0EF4268FBD30}"
EndProject
Project("{FAE04EC0-301F-11D3-BF4B-00C04F79EFBC}") = "UtilityDAL.DemoApp", "DALViewer.Terminal\UtilityDAL.DemoApp.csproj", "{E92D854F-F57F-4546-AF3D-3D1EB148EC94}"
EndProject
Project("{FAE04EC0-301F-11D3-BF4B-00C04F79EFBC}") = "UtilityDAL.Model", "UtilityDAL.Model\UtilityDAL.Model.csproj", "{CEF231D6-FF3D-41CD-A207-146FD68B50CD}"
EndProject
Global
	GlobalSection(SolutionConfigurationPlatforms) = preSolution
		Debug|Any CPU = Debug|Any CPU
		Release|Any CPU = Release|Any CPU
	EndGlobalSection
	GlobalSection(ProjectConfigurationPlatforms) = postSolution
		{E4D7B86A-3B26-4FBE-BA37-BF1D935F6EE9}.Debug|Any CPU.ActiveCfg = Debug|Any CPU
		{E4D7B86A-3B26-4FBE-BA37-BF1D935F6EE9}.Debug|Any CPU.Build.0 = Debug|Any CPU
		{E4D7B86A-3B26-4FBE-BA37-BF1D935F6EE9}.Release|Any CPU.ActiveCfg = Release|Any CPU
		{E4D7B86A-3B26-4FBE-BA37-BF1D935F6EE9}.Release|Any CPU.Build.0 = Release|Any CPU
		{AD51A125-E97B-4AE8-AEE7-0EF4268FBD30}.Debug|Any CPU.ActiveCfg = Debug|Any CPU
		{AD51A125-E97B-4AE8-AEE7-0EF4268FBD30}.Debug|Any CPU.Build.0 = Debug|Any CPU
		{AD51A125-E97B-4AE8-AEE7-0EF4268FBD30}.Release|Any CPU.ActiveCfg = Release|Any CPU
		{AD51A125-E97B-4AE8-AEE7-0EF4268FBD30}.Release|Any CPU.Build.0 = Release|Any CPU
		{E92D854F-F57F-4546-AF3D-3D1EB148EC94}.Debug|Any CPU.ActiveCfg = Debug|Any CPU
		{E92D854F-F57F-4546-AF3D-3D1EB148EC94}.Debug|Any CPU.Build.0 = Debug|Any CPU
		{E92D854F-F57F-4546-AF3D-3D1EB148EC94}.Release|Any CPU.ActiveCfg = Release|Any CPU
		{E92D854F-F57F-4546-AF3D-3D1EB148EC94}.Release|Any CPU.Build.0 = Release|Any CPU
		{CEF231D6-FF3D-41CD-A207-146FD68B50CD}.Debug|Any CPU.ActiveCfg = Debug|Any CPU
		{CEF231D6-FF3D-41CD-A207-146FD68B50CD}.Debug|Any CPU.Build.0 = Debug|Any CPU
		{CEF231D6-FF3D-41CD-A207-146FD68B50CD}.Release|Any CPU.ActiveCfg = Release|Any CPU
		{CEF231D6-FF3D-41CD-A207-146FD68B50CD}.Release|Any CPU.Build.0 = Release|Any CPU
	EndGlobalSection
	GlobalSection(SolutionProperties) = preSolution
		HideSolutionNode = FALSE
	EndGlobalSection
	GlobalSection(ExtensibilityGlobals) = postSolution
		SolutionGuid = {C6487952-3B54-44E8-9311-3CCD917F5DC5}
	EndGlobalSection
EndGlobal
